<?xml version="1.0" encoding="utf-8"?>
<Project ToolsVersion="4.0" xmlns="http://schemas.microsoft.com/developer/msbuild/2003">
  <ItemGroup>
    <Filter Include="源文件">
      <UniqueIdentifier>{4FC737F1-C7A5-4376-A066-2A32D752A2FF}</UniqueIdentifier>
      <Extensions>cpp;c;cc;cxx;c++;cppm;ixx;def;odl;idl;hpj;bat;asm;asmx</Extensions>
    </Filter>
    <Filter Include="头文件">
      <UniqueIdentifier>{93995380-89BD-4b04-88EB-625FBE52EBFB}</UniqueIdentifier>
      <Extensions>h;hh;hpp;hxx;h++;hm;inl;inc;ipp;xsd</Extensions>
    </Filter>
    <Filter Include="资源文件">
      <UniqueIdentifier>{67DA6AB6-F800-4c08-8B7A-83BB121AAD01}</UniqueIdentifier>
      <Extensions>rc;ico;cur;bmp;dlg;rc2;rct;bin;rgs;gif;jpg;jpeg;jpe;resx;tiff;tif;png;wav;mfcribbon-ms</Extensions>
    </Filter>
    <Filter Include="头文件\LinearList">
      <UniqueIdentifier>{ff20d2be-1402-49d2-8178-be21a16fb0c5}</UniqueIdentifier>
    </Filter>
    <Filter Include="头文件\Stack and Queue">
      <UniqueIdentifier>{3e0aff13-efe0-4a13-876b-77659ae9f80b}</UniqueIdentifier>
    </Filter>
    <Filter Include="头文件\String">
      <UniqueIdentifier>{f19da6cf-763c-40ce-b2c3-179cc7e41956}</UniqueIdentifier>
    </Filter>
    <Filter Include="头文件\Tree &amp; Binary Tree">
      <UniqueIdentifier>{48430433-e87d-472f-8255-68fe832a67b9}</UniqueIdentifier>
    </Filter>
    <Filter Include="头文件\Graph">
      <UniqueIdentifier>{af4d2367-19b9-42bc-85ce-b2acbf364b13}</UniqueIdentifier>
    </Filter>
    <Filter Include="头文件\Searching">
      <UniqueIdentifier>{b5edaaef-ce88-4102-b8a7-fd6ca9d35528}</UniqueIdentifier>
    </Filter>
    <Filter Include="头文件\Sorting">
      <UniqueIdentifier>{88bcde8b-5db7-4a7b-8d53-9770137ce446}</UniqueIdentifier>
    </Filter>
  </ItemGroup>
  <ItemGroup>
    <ClCompile Include="main.c">
      <Filter>源文件</Filter>
    </ClCompile>
  </ItemGroup>
  <ItemGroup>
    <ClInclude Include="SequenceList.h">
      <Filter>头文件\LinearList</Filter>
    </ClInclude>
    <ClInclude Include="Stack.h">
      <Filter>头文件\Stack and Queue</Filter>
    </ClInclude>
  </ItemGroup>
</Project>